
Microsoft Visual Studio Solution File, Format Version 12.00
# Visual Studio 14
VisualStudioVersion = 14.0.25420.1
MinimumVisualStudioVersion = 10.0.40219.1
Project("{FAE04EC0-301F-11D3-BF4B-00C04F79EFBC}") = "DemoMicroORMs", "DemoMicroORMs\DemoMicroORMs.csproj", "{1E4E6E56-E586-41A7-9F23-CE996E110E83}"
EndProject
Project("{2150E333-8FDC-42A3-9474-1A3956D46DE8}") = "DataBase", "DataBase", "{434A6BB8-8AD4-4644-B5AB-EB0F19EB3C62}"
EndProject
Project("{00D1A9C2-B5F0-4AF3-8072-F6C62B433612}") = "DataBase", "DemoMicroORMs\DataBase\DataBase\DataBase.sqlproj", "{801E189B-69E6-4B9E-9C6A-F525C6BFB516}"
EndProject
Global
	GlobalSection(SolutionConfigurationPlatforms) = preSolution
		Debug|Any CPU = Debug|Any CPU
		Release|Any CPU = Release|Any CPU
	EndGlobalSection
	GlobalSection(ProjectConfigurationPlatforms) = postSolution
		{1E4E6E56-E586-41A7-9F23-CE996E110E83}.Debug|Any CPU.ActiveCfg = Debug|Any CPU
		{1E4E6E56-E586-41A7-9F23-CE996E110E83}.Debug|Any CPU.Build.0 = Debug|Any CPU
		{1E4E6E56-E586-41A7-9F23-CE996E110E83}.Release|Any CPU.ActiveCfg = Release|Any CPU
		{1E4E6E56-E586-41A7-9F23-CE996E110E83}.Release|Any CPU.Build.0 = Release|Any CPU
		{801E189B-69E6-4B9E-9C6A-F525C6BFB516}.Debug|Any CPU.ActiveCfg = Debug|Any CPU
		{801E189B-69E6-4B9E-9C6A-F525C6BFB516}.Debug|Any CPU.Build.0 = Debug|Any CPU
		{801E189B-69E6-4B9E-9C6A-F525C6BFB516}.Debug|Any CPU.Deploy.0 = Debug|Any CPU
		{801E189B-69E6-4B9E-9C6A-F525C6BFB516}.Release|Any CPU.ActiveCfg = Release|Any CPU
		{801E189B-69E6-4B9E-9C6A-F525C6BFB516}.Release|Any CPU.Build.0 = Release|Any CPU
		{801E189B-69E6-4B9E-9C6A-F525C6BFB516}.Release|Any CPU.Deploy.0 = Release|Any CPU
	EndGlobalSection
	GlobalSection(SolutionProperties) = preSolution
		HideSolutionNode = FALSE
	EndGlobalSection
	GlobalSection(NestedProjects) = preSolution
		{801E189B-69E6-4B9E-9C6A-F525C6BFB516} = {434A6BB8-8AD4-4644-B5AB-EB0F19EB3C62}
	EndGlobalSection
EndGlobal
